github.com/davecgh/go-spew v1.1.0 h1:ZDRjVQ15GmhC3fiQ8ni8+OwkZQO4DARzQgrnXU1Liz8=
github.com/davecgh/go-spew v1.1.0/go.mod h1:J7Y8YcW2NihsgmVo/mv3lAwl/skON4iLHjSsI+c5H38=
github.com/golang/protobuf v1.3.1 h1:YF8+flBXS5eO826T4nzqPrxfhQThhXl0YzfuUPu4SBg=
github.com/golang/protobuf v1.3.1/go.mod h1:6lQm79b+lXiMfvg/cZm0SGofjICqVBUtrP5yJMmIC1U=
github.com/jhump/protoreflect v1.5.0 h1:NgpVT+dX71c8hZnxHof2M7QDK7QtohIJ7DYycjnkyfc=
github.com/jhump/protoreflect v1.5.0/go.mod h1:eaTn3RZAmMBcV0fifFvlm6VHNz3wSkYyXYWUh7ymB74=
github.com/ogier/pflag v0.0.1 h1:RW6JSWSu/RkSatfcLtogGfFgpim5p7ARQ10ECk5O750=
github.com/ogier/pflag v0.0.1/go.mod h1:zkFki7tvTa0tafRvTBIZTvzYyAu6kQhPZFnshFFPE+g=
github.com/oleiade/reflections v1.0.0 h1:0ir4pc6v8/PJ0yw5AEtMddfXpWBXg9cnG7SgSoJuCgY=
github.com/oleiade/reflections v1.0.0/go.mod h1:RbATFBbKYkVdqmSFtx13Bb/tVhR0lgOBXunWTZKeL4w=
github.com/pkg/profile v1.3.0 h1:OQIvuDgm00gWVWGTf4m4mCt6W1/0YqU7Ntg0mySWgaI=
github.com/pkg/profile v1.3.0/go.mod h1:hJw3o1OdXxsrSjjVksARp5W95eeEaEfptyVZyv6JUPA=
github.com/pmezard/go-difflib v1.0.0 h1:4DBwDE0NGyQoBHbLQYPwSUPoCMWR5BEzIk/f1lZbAQM=
github.com/pmezard/go-difflib v1.0.0/go.mod h1:iKH77koFhYxTK1pcRnkKkqfTogsbg7gZNVY4sRDYZ/4=
github.com/sabhiram/go-gitignore v0.0.0-20180611051255-d3107576ba94 h1:G04eS0JkAIVZfaJLjla9dNxkJCPiKIGZlw9AfOhzOD0=
github.com/sabhiram/go-gitignore v0.0.0-20180611051255-d3107576ba94/go.mod h1:b18R55ulyQ/h3RaWyloPyER7fWQVZvimKKhnI5OfrJQ=
github.com/stretchr/objx v0.1.0/go.mod h1:HFkY916IF+rwdDfMAkV7OtwuqBVzrE8GR6GFx+wExME=
github.com/stretchr/testify v1.4.0 h1:2E4SXV/wtOkTonXsotYi4li6zVWxYlZuYNCXe9XRJyk=
github.com/stretchr/testify v1.4.0/go.mod h1:j7eGeouHqKxXV5pUuKE4zz7dFj8WfuZ+81PSLYec5m4=
golang.org/x/net v0.0.0-20180530234432-1e491301e022 h1:MVYFTUmVD3/+ERcvRRI+P/C2+WOUimXh+Pd8LVsklZ4=
golang.org/x/net v0.0.0-20180530234432-1e491301e022/go.mod h1:mL1N/T3taQHkDXs73rZJwtUhF3w3ftmwwsq0BUmARs4=
golang.org/x/text v0.3.0 h1:g61tztE5qeGQ89tm6NTjjM9VPIm088od1l6aSorWRWg=
golang.org/x/text v0.3.0/go.mod h1:NqM8EUOU14njkJ3fqMW+pc6Ldnwhi/IjpwHt7yyuwOQ=
google.golang.org/genproto v0.0.0-20170818010345-ee236bd376b0 h1:ZvI3lsq5AIkr7axxmT3tfwFlJVRFLqe6Fp0W03+MJ38=
google.golang.org/genproto v0.0.0-20170818010345-ee236bd376b0/go.mod h1:JiN7NxoALGmiZfu7CAH4rXhgtRTLTxftemlI0sWmxmc=
google.golang.org/grpc v1.8.0 h1:HN69LlNA/SpyBIRxTfuU0QOntYfdeEeBWlVhRHRCOyw=
google.golang.org/grpc v1.8.0/go.mod h1:yo6s7OP7yaDglbqo1J04qKzAhqBH6lvTonzMVmEdcZw=
gopkg.in/check.v1 v0.0.0-20161208181325-20d25e280405/go.mod h1:Co6ibVJAznAaIkqp8huTwlJQCZ016jof/cbN4VW5Yz0=
gopkg.in/oleiade/reflections.v1 v1.0.0 h1:nV9NFaFd5bXKjilVvPvA+/V/tNQk1pOEEc9gGWDkj+s=
gopkg.in/oleiade/reflections.v1 v1.0.0/go.mod h1:SpA8pv+LUnF0FbB2hyRxc8XSng78D6iLBZ11PDb8Z5g=
gopkg.in/yaml.v2 v2.2.2 h1:ZCJp+EgiOT7lHqUV2J862kp8Qj64Jo6az82+3Td9dZw=
gopkg.in/yaml.v2 v2.2.2/go.mod h1:hI93XBmqTisBFMUTm0b8Fm+jr3Dg1NNxqwp+5A1VGuI=
